
Microsoft Visual Studio Solution File, Format Version 12.00
# Visual Studio 15
VisualStudioVersion = 15.0.27130.2027
MinimumVisualStudioVersion = 10.0.40219.1
Project("{9A19103F-16F7-4668-BE54-9A1E7A4F7556}") = "Clipster", "Clipster\Clipster.csproj", "{843CD6D6-EEA7-4B60-9E36-04A3ADD8DD79}"
EndProject
Global
	GlobalSection(SolutionConfigurationPlatforms) = preSolution
		Debug|Any CPU = Debug|Any CPU
		Release|Any CPU = Release|Any CPU
	EndGlobalSection
	GlobalSection(ProjectConfigurationPlatforms) = postSolution
		{843CD6D6-EEA7-4B60-9E36-04A3ADD8DD79}.Debug|Any CPU.ActiveCfg = Debug|Any CPU
		{843CD6D6-EEA7-4B60-9E36-04A3ADD8DD79}.Debug|Any CPU.Build.0 = Debug|Any CPU
		{843CD6D6-EEA7-4B60-9E36-04A3ADD8DD79}.Release|Any CPU.ActiveCfg = Release|Any CPU
		{843CD6D6-EEA7-4B60-9E36-04A3ADD8DD79}.Release|Any CPU.Build.0 = Release|Any CPU
	EndGlobalSection
	GlobalSection(SolutionProperties) = preSolution
		HideSolutionNode = FALSE
	EndGlobalSection
	GlobalSection(ExtensibilityGlobals) = postSolution
		SolutionGuid = {59C207BB-40D0-4AC0-97D4-7C5E77C45110}
	EndGlobalSection
EndGlobal
